# THIS IS AN AUTOGENERATED FILE. DO NOT EDIT THIS FILE DIRECTLY.
# yarn lockfile v1


abbrev@1:
  version "1.1.1"
  resolved "https://registry.yarnpkg.com/abbrev/-/abbrev-1.1.1.tgz#f8f2c887ad10bf67f634f005b6987fed3179aac8"

bash-color@0.0.3:
  version "0.0.3"
  resolved "https://registry.yarnpkg.com/bash-color/-/bash-color-0.0.3.tgz#0c08921ec01393ab56ea444f0825e5493ca0e6a2"

concat-stream@1.4.4:
  version "1.4.4"
  resolved "https://registry.yarnpkg.com/concat-stream/-/concat-stream-1.4.4.tgz#88cf474555dfbbdbeb34453e7f1e417dae97ce21"
  dependencies:
    inherits "~2.0.1"
    readable-stream "~1.1.9"
    typedarray "~0.0.5"

core-util-is@~1.0.0:
  version "1.0.2"
  resolved "https://registry.yarnpkg.com/core-util-is/-/core-util-is-1.0.2.tgz#b5fd54220aa2bc5ab57aab7140c940754503c1a7"

deep-equal@~0.2.0:
  version "0.2.2"
  resolved "https://registry.yarnpkg.com/deep-equal/-/deep-equal-0.2.2.tgz#84b745896f34c684e98f2ce0e42abaf43bba017d"

defined@~0.0.0:
  version "0.0.0"
  resolved "https://registry.yarnpkg.com/defined/-/defined-0.0.0.tgz#f35eea7d705e933baf13b2f03b3f83d921403b3e"

filed-mimefix@^0.1.3:
  version "0.1.3"
  resolved "https://registry.yarnpkg.com/filed-mimefix/-/filed-mimefix-0.1.3.tgz#0b0b67d075a63fc74f26fdf39c7f9d4314967bb5"
  dependencies:
    mime "^1.4.0"

glob@~3.2.9:
  version "3.2.11"
  resolved "https://registry.yarnpkg.com/glob/-/glob-3.2.11.tgz#4a973f635b9190f715d10987d5c00fd2815ebe3d"
  dependencies:
    inherits "2"
    minimatch "0.3"

highlight.js@8.0.0:
  version "8.0.0"
  resolved "https://registry.yarnpkg.com/highlight.js/-/highlight.js-8.0.0.tgz#b81db5be8e6f5c5029c40b66b473170cd3e0875a"

inherits@2, inherits@~2.0.1:
  version "2.0.3"
  resolved "https://registry.yarnpkg.com/inherits/-/inherits-2.0.3.tgz#633c2c83e3da42a502f52466022480f4208261de"

isarray@0.0.1:
  version "0.0.1"
  resolved "https://registry.yarnpkg.com/isarray/-/isarray-0.0.1.tgz#8a18acfca9a8f4177e09abfc6038939b05d1eedf"

jung@1.2.2:
  version "1.2.2"
  resolved "https://registry.yarnpkg.com/jung/-/jung-1.2.2.tgz#e55294a3c757f3ef6f0caaa6d4ac27e738b70b66"
  dependencies:
    bash-color "0.0.3"
    just-debounce "0.0.1"
    node-watch "0.3.4"
    nopt "2.1.2"
    subdirs "0.0.0"

just-debounce@0.0.1:
  version "0.0.1"
  resolved "https://registry.yarnpkg.com/just-debounce/-/just-debounce-0.0.1.tgz#4f5eb5d7bf00ffb90d3ea2a19114ed1e32051235"

lru-cache@2:
  version "2.7.3"
  resolved "https://registry.yarnpkg.com/lru-cache/-/lru-cache-2.7.3.tgz#6d4524e8b955f95d4f5b58851ce21dd72fb4e952"

marked@0.3.2:
  version "0.3.2"
  resolved "https://registry.yarnpkg.com/marked/-/marked-0.3.2.tgz#015db158864438f24a64bdd61a0428b418706d09"

mime@^1.4.0:
  version "1.6.0"
  resolved "https://registry.yarnpkg.com/mime/-/mime-1.6.0.tgz#32cd9e5c64553bd58d19a568af452acff04981b1"

minimatch@0.3:
  version "0.3.0"
  resolved "https://registry.yarnpkg.com/minimatch/-/minimatch-0.3.0.tgz#275d8edaac4f1bb3326472089e7949c8394699dd"
  dependencies:
    lru-cache "2"
    sigmund "~1.0.0"

mustache@0.8.1:
  version "0.8.1"
  resolved "https://registry.yarnpkg.com/mustache/-/mustache-0.8.1.tgz#deba29cc9274cf98289877e0c625663882398ee7"

node-watch@0.3.4:
  version "0.3.4"
  resolved "https://registry.yarnpkg.com/node-watch/-/node-watch-0.3.4.tgz#755f64ef5f8ad4acb5bafd2c4e7f4fb6a8db0214"

nopt@2.1.2:
  version "2.1.2"
  resolved "https://registry.yarnpkg.com/nopt/-/nopt-2.1.2.tgz#6cccd977b80132a07731d6e8ce58c2c8303cf9af"
  dependencies:
    abbrev "1"

nopt@2.2.0:
  version "2.2.0"
  resolved "https://registry.yarnpkg.com/nopt/-/nopt-2.2.0.tgz#3d106676f3607ac466af9bf82bd707b1501d3bd5"
  dependencies:
    abbrev "1"

object-inspect@~0.4.0:
  version "0.4.0"
  resolved "https://registry.yarnpkg.com/object-inspect/-/object-inspect-0.4.0.tgz#f5157c116c1455b243b06ee97703392c5ad89fec"

readable-stream@~1.1.9:
  version "1.1.14"
  resolved "https://registry.yarnpkg.com/readable-stream/-/readable-stream-1.1.14.tgz#7cf4c54ef648e3813084c636dd2079e166c081d9"
  dependencies:
    core-util-is "~1.0.0"
    inherits "~2.0.1"
    isarray "0.0.1"
    string_decoder "~0.10.x"

resumer@~0.0.0:
  version "0.0.0"
  resolved "https://registry.yarnpkg.com/resumer/-/resumer-0.0.0.tgz#f1e8f461e4064ba39e82af3cdc2a8c893d076759"
  dependencies:
    through "~2.3.4"

routes@0.2.0:
  version "0.2.0"
  resolved "https://registry.yarnpkg.com/routes/-/routes-0.2.0.tgz#69e8f39fcdd15f616ce03460e7982cd1997c15ed"

sanitizer@0.1.1:
  version "0.1.1"
  resolved "https://registry.yarnpkg.com/sanitizer/-/sanitizer-0.1.1.tgz#548bfbd3a5f3a1a7e0df6b1e6b276487037d7c4c"

sigmund@~1.0.0:
  version "1.0.1"
  resolved "https://registry.yarnpkg.com/sigmund/-/sigmund-1.0.1.tgz#3ff21f198cad2175f9f3b781853fd94d0d19b590"

string_decoder@~0.10.x:
  version "0.10.31"
  resolved "https://registry.yarnpkg.com/string_decoder/-/string_decoder-0.10.31.tgz#62e203bc41766c6c28c9fc84301dab1c5310fa94"

subdirs@0.0.0:
  version "0.0.0"
  resolved "https://registry.yarnpkg.com/subdirs/-/subdirs-0.0.0.tgz#353e5749132f8d88106d82628d790f8864911cc5"

tape@2.12.2:
  version "2.12.2"
  resolved "https://registry.yarnpkg.com/tape/-/tape-2.12.2.tgz#84a32e7237ac7728e275ddb48582f1a609f6816e"
  dependencies:
    deep-equal "~0.2.0"
    defined "~0.0.0"
    glob "~3.2.9"
    inherits "~2.0.1"
    object-inspect "~0.4.0"
    resumer "~0.0.0"
    through "~2.3.4"

through@~2.3.4:
  version "2.3.8"
  resolved "https://registry.yarnpkg.com/through/-/through-2.3.8.tgz#0dd4c9ffaabc357960b1b724115d7e0e86a2e1f5"

typedarray@~0.0.5:
  version "0.0.6"
  resolved "https://registry.yarnpkg.com/typedarray/-/typedarray-0.0.6.tgz#867ac74e3864187b1d3d47d996a78ec5c8830777"

unpm-router@0.0.2:
  version "0.0.2"
  resolved "https://registry.yarnpkg.com/unpm-router/-/unpm-router-0.0.2.tgz#60c3aec23b1a017c9e3957a835d83fad3711dbec"
  dependencies:
    routes "0.2.0"
